{
  "pins" : [
    {
      "identity" : "compute",
      "kind" : "remoteSourceControl",
      "location" : "https://github.com/swift-cloud/Compute",
      "state" : {
        "revision" : "38c90a4a326e83fa815ed682035e667ce05b1f13",
        "version" : "2.6.0"
      }
    },
    {
      "identity" : "cryptoswift",
      "kind" : "remoteSourceControl",
      "location" : "https://github.com/krzyzanowskim/CryptoSwift.git",
      "state" : {
        "revision" : "19b3c3ceed117c5cc883517c4e658548315ba70b",
        "version" : "1.6.0"
      }
    }
  ],
  "version" : 2
}
